
Microsoft Visual Studio Solution File, Format Version 12.00
# Visual Studio 15
VisualStudioVersion = 15.0.26730.16
MinimumVisualStudioVersion = 10.0.40219.1
Project("{FAE04EC0-301F-11D3-BF4B-00C04F79EFBC}") = "FinalProject", "FinalProject\FinalProject.csproj", "{0A39BD0D-03BC-412F-85AF-7AE22BA2CCDD}"
EndProject
Project("{FAE04EC0-301F-11D3-BF4B-00C04F79EFBC}") = "LibplctagWrapper", "..\..\..\Downloads\libplctag-csharp-master\libplctag-csharp-master\LibplctagWrapper\LibplctagWrapper.csproj", "{394ABFC2-E570-462E-9994-37B33C348702}"
EndProject
Global
	GlobalSection(SolutionConfigurationPlatforms) = preSolution
		Debug|Any CPU = Debug|Any CPU
		Release|Any CPU = Release|Any CPU
	EndGlobalSection
	GlobalSection(ProjectConfigurationPlatforms) = postSolution
		{0A39BD0D-03BC-412F-85AF-7AE22BA2CCDD}.Debug|Any CPU.ActiveCfg = Debug|Any CPU
		{0A39BD0D-03BC-412F-85AF-7AE22BA2CCDD}.Debug|Any CPU.Build.0 = Debug|Any CPU
		{0A39BD0D-03BC-412F-85AF-7AE22BA2CCDD}.Release|Any CPU.ActiveCfg = Release|Any CPU
		{0A39BD0D-03BC-412F-85AF-7AE22BA2CCDD}.Release|Any CPU.Build.0 = Release|Any CPU
		{394ABFC2-E570-462E-9994-37B33C348702}.Debug|Any CPU.ActiveCfg = Debug|Any CPU
		{394ABFC2-E570-462E-9994-37B33C348702}.Debug|Any CPU.Build.0 = Debug|Any CPU
		{394ABFC2-E570-462E-9994-37B33C348702}.Release|Any CPU.ActiveCfg = Release|Any CPU
		{394ABFC2-E570-462E-9994-37B33C348702}.Release|Any CPU.Build.0 = Release|Any CPU
	EndGlobalSection
	GlobalSection(SolutionProperties) = preSolution
		HideSolutionNode = FALSE
	EndGlobalSection
	GlobalSection(ExtensibilityGlobals) = postSolution
		SolutionGuid = {F9956509-53DA-4424-AB9E-FB8889FA108B}
	EndGlobalSection
EndGlobal
